Microsoft Visual Studio Solution File, Format Version 11.00
# Visual Studio 2008

Project("{4B44C2A1-B978-5811-A42B-F27D5A91AE4B}") = "Crystal-of-Amanus", "Assembly-CSharp-firstpass-vs.csproj", "{0707360A-372F-C774-0D70-612CBCC4C682}"
EndProject
Project("{4B44C2A1-B978-5811-A42B-F27D5A91AE4B}") = "Crystal-of-Amanus", "Assembly-CSharp-vs.csproj", "{B9162E72-203B-8BB0-7E5A-965A423D77C0}"
EndProject
Project("{4B44C2A1-B978-5811-A42B-F27D5A91AE4B}") = "Crystal-of-Amanus", "Assembly-CSharp-Editor-vs.csproj", "{5FB56FA1-30BF-10E1-3894-C042EF85455B}"
EndProject
Global
	GlobalSection(SolutionConfigurationPlatforms) = preSolution
		Debug|Any CPU = Debug|Any CPU
		Release|Any CPU = Release|Any CPU
	EndGlobalSection
	GlobalSection(ProjectConfigurationPlatforms) = postSolution
		{0707360A-372F-C774-0D70-612CBCC4C682}.Debug|Any CPU.ActiveCfg = Debug|Any CPU
		{0707360A-372F-C774-0D70-612CBCC4C682}.Debug|Any CPU.Build.0 = Debug|Any CPU
		{0707360A-372F-C774-0D70-612CBCC4C682}.Release|Any CPU.ActiveCfg = Release|Any CPU
		{0707360A-372F-C774-0D70-612CBCC4C682}.Release|Any CPU.Build.0 = Release|Any CPU
		{B9162E72-203B-8BB0-7E5A-965A423D77C0}.Debug|Any CPU.ActiveCfg = Debug|Any CPU
		{B9162E72-203B-8BB0-7E5A-965A423D77C0}.Debug|Any CPU.Build.0 = Debug|Any CPU
		{B9162E72-203B-8BB0-7E5A-965A423D77C0}.Release|Any CPU.ActiveCfg = Release|Any CPU
		{B9162E72-203B-8BB0-7E5A-965A423D77C0}.Release|Any CPU.Build.0 = Release|Any CPU
		{5FB56FA1-30BF-10E1-3894-C042EF85455B}.Debug|Any CPU.ActiveCfg = Debug|Any CPU
		{5FB56FA1-30BF-10E1-3894-C042EF85455B}.Debug|Any CPU.Build.0 = Debug|Any CPU
		{5FB56FA1-30BF-10E1-3894-C042EF85455B}.Release|Any CPU.ActiveCfg = Release|Any CPU
		{5FB56FA1-30BF-10E1-3894-C042EF85455B}.Release|Any CPU.Build.0 = Release|Any CPU
	EndGlobalSection
	GlobalSection(SolutionProperties) = preSolution
		HideSolutionNode = FALSE
	EndGlobalSection
																										GlobalSection(MonoDevelopProperties) = preSolution
		StartupItem = Assembly-CSharp.csproj
		Policies = $0
		$0.TextStylePolicy = $1
		$1.inheritsSet = null
		$1.scope = text/x-csharp
		$0.CSharpFormattingPolicy = $2
		$2.inheritsSet = Mono
		$2.inheritsScope = text/x-csharp
		$2.scope = text/x-csharp
		$0.TextStylePolicy = $3
		$3.FileWidth = 120
		$3.TabWidth = 4
		$3.IndentWidth = 4
		$3.EolMarker = Unix
		$3.inheritsSet = Mono
		$3.inheritsScope = text/plain
		$3.scope = text/plain
	EndGlobalSection

EndGlobal
