
Microsoft Visual Studio Solution File, Format Version 12.00
# Visual Studio 2013
Project("{FAE04EC0-301F-11D3-BF4B-00C04F79EFBC}") = "UnityVS.Crystal of Amanus.CSharp.Plugins", "UnityVS.Crystal of Amanus.CSharp.Plugins.csproj", "{544F1E58-A2A4-C2CA-8F89-5F5945D96EAC}"
EndProject
Project("{FAE04EC0-301F-11D3-BF4B-00C04F79EFBC}") = "UnityVS.Crystal of Amanus.CSharp", "UnityVS.Crystal of Amanus.CSharp.csproj", "{1135C1A5-40AF-395B-1C50-CB5DF0997237}"
EndProject
Project("{FAE04EC0-301F-11D3-BF4B-00C04F79EFBC}") = "UnityVS.Crystal of Amanus.CSharp.Editor", "UnityVS.Crystal of Amanus.CSharp.Editor.csproj", "{21AF8416-846A-2CD6-6C6D-8D2EC7CA8BA1}"
EndProject
Global
	GlobalSection(SolutionConfigurationPlatforms) = preSolution
		Debug|Any CPU = Debug|Any CPU
		Release|Any CPU = Release|Any CPU
	EndGlobalSection
	GlobalSection(ProjectConfigurationPlatforms) = postSolution
		{544F1E58-A2A4-C2CA-8F89-5F5945D96EAC}.Debug|Any CPU.ActiveCfg = Debug|Any CPU
		{544F1E58-A2A4-C2CA-8F89-5F5945D96EAC}.Debug|Any CPU.Build.0 = Debug|Any CPU
		{544F1E58-A2A4-C2CA-8F89-5F5945D96EAC}.Release|Any CPU.ActiveCfg = Release|Any CPU
		{544F1E58-A2A4-C2CA-8F89-5F5945D96EAC}.Release|Any CPU.Build.0 = Release|Any CPU
		{1135C1A5-40AF-395B-1C50-CB5DF0997237}.Debug|Any CPU.ActiveCfg = Debug|Any CPU
		{1135C1A5-40AF-395B-1C50-CB5DF0997237}.Debug|Any CPU.Build.0 = Debug|Any CPU
		{1135C1A5-40AF-395B-1C50-CB5DF0997237}.Release|Any CPU.ActiveCfg = Release|Any CPU
		{1135C1A5-40AF-395B-1C50-CB5DF0997237}.Release|Any CPU.Build.0 = Release|Any CPU
		{21AF8416-846A-2CD6-6C6D-8D2EC7CA8BA1}.Debug|Any CPU.ActiveCfg = Debug|Any CPU
		{21AF8416-846A-2CD6-6C6D-8D2EC7CA8BA1}.Debug|Any CPU.Build.0 = Debug|Any CPU
		{21AF8416-846A-2CD6-6C6D-8D2EC7CA8BA1}.Release|Any CPU.ActiveCfg = Release|Any CPU
		{21AF8416-846A-2CD6-6C6D-8D2EC7CA8BA1}.Release|Any CPU.Build.0 = Release|Any CPU
	EndGlobalSection
	GlobalSection(SolutionProperties) = preSolution
		HideSolutionNode = FALSE
	EndGlobalSection
EndGlobal
